// !$*UTF8*$!
{
	archiveVersion = 1;
	classes = {
	};
	objectVersion = 50;
	objects = {

/* Begin PBXBuildFile section */
		CD86AF42242470A4001B6684 /* AppDelegate.swift in Sources */ = {isa = PBXBuildFile; fileRef = CD86AF41242470A4001B6684 /* AppDelegate.swift */; };
		CD86AF44242470A4001B6684 /* SceneDelegate.swift in Sources */ = {isa = PBXBuildFile; fileRef = CD86AF43242470A4001B6684 /* SceneDelegate.swift */; };
		CD86AF46242470A4001B6684 /* ViewController.swift in Sources */ = {isa = PBXBuildFile; fileRef = CD86AF45242470A4001B6684 /* ViewController.swift */; };
		CD86AF49242470A4001B6684 /* Main.storyboard in Resources */ = {isa = PBXBuildFile; fileRef = CD86AF47242470A4001B6684 /* Main.storyboard */; };
		CD86AF4B242470AA001B6684 /* Assets.xcassets in Resources */ = {isa = PBXBuildFile; fileRef = CD86AF4A242470AA001B6684 /* Assets.xcassets */; };
		CD86AF4E242470AA001B6684 /* LaunchScreen.storyboard in Resources */ = {isa = PBXBuildFile; fileRef = CD86AF4C242470AA001B6684 /* LaunchScreen.storyboard */; };
		CD86AF562424717B001B6684 /* Inceptionv3.mlmodel in Sources */ = {isa = PBXBuildFile; fileRef = CD86AF552424717B001B6684 /* Inceptionv3.mlmodel */; };
/* End PBXBuildFile section */

/* Begin PBXFileReference section */
		CD86AF3E242470A4001B6684 /* SeeFood.app */ = {isa = PBXFileReference; explicitFileType = wrapper.application; includeInIndex = 0; path = SeeFood.app; sourceTree = BUILT_PRODUCTS_DIR; };
		CD86AF41242470A4001B6684 /* AppDelegate.swift */ = {isa = PBXFileReference; lastKnownFileType = sourcecode.swift; path = AppDelegate.swift; sourceTree = "<group>"; };
		CD86AF43242470A4001B6684 /* SceneDelegate.swift */ = {isa = PBXFileReference; lastKnownFileType = sourcecode.swift; path = SceneDelegate.swift; sourceTree = "<group>"; };
		CD86AF45242470A4001B6684 /* ViewController.swift */ = {isa = PBXFileReference; lastKnownFileType = sourcecode.swift; path = ViewController.swift; sourceTree = "<group>"; };
		CD86AF48242470A4001B6684 /* Base */ = {isa = PBXFileReference; lastKnownFileType = file.storyboard; name = Base; path = Base.lproj/Main.storyboard; sourceTree = "<group>"; };
		CD86AF4A242470AA001B6684 /* Assets.xcassets */ = {isa = PBXFileReference; lastKnownFileType = folder.assetcatalog; path = Assets.xcassets; sourceTree = "<group>"; };
		CD86AF4D242470AA001B6684 /* Base */ = {isa = PBXFileReference; lastKnownFileType = file.storyboard; name = Base; path = Base.lproj/LaunchScreen.storyboard; sourceTree = "<group>"; };
		CD86AF4F242470AA001B6684 /* Info.plist */ = {isa = PBXFileReference; lastKnownFileType = text.plist.xml; path = Info.plist; sourceTree = "<group>"; };
		CD86AF552424717B001B6684 /* Inceptionv3.mlmodel */ = {isa = PBXFileReference; lastKnownFileType = file.mlmodel; name = Inceptionv3.mlmodel; path = ../../Section23_CoreML/Inceptionv3.mlmodel; sourceTree = "<group>"; };
/* End PBXFileReference section */

/* Begin PBXFrameworksBuildPhase section */
		CD86AF3B242470A4001B6684 /* Frameworks */ = {
			isa = PBXFrameworksBuildPhase;
			buildActionMask = 2147483647;
			files = (
			);
			runOnlyForDeploymentPostprocessing = 0;
		};
/* End PBXFrameworksBuildPhase section */

/* Begin PBXGroup section */
		CD86AF35242470A4001B6684 = {
			isa = PBXGroup;
			children = (
				CD86AF40242470A4001B6684 /* SeeFood */,
				CD86AF3F242470A4001B6684 /* Products */,
			);
			sourceTree = "<group>";
		};
		CD86AF3F242470A4001B6684 /* Products */ = {
			isa = PBXGroup;
			children = (
				CD86AF3E242470A4001B6684 /* SeeFood.app */,
			);
			name = Products;
			sourceTree = "<group>";
		};
		CD86AF40242470A4001B6684 /* SeeFood */ = {
			isa = PBXGroup;
			children = (
				CD86AF41242470A4001B6684 /* AppDelegate.swift */,
				CD86AF43242470A4001B6684 /* SceneDelegate.swift */,
				CD86AF45242470A4001B6684 /* ViewController.swift */,
				CD86AF47242470A4001B6684 /* Main.storyboard */,
				CD86AF4A242470AA001B6684 /* Assets.xcassets */,
				CD86AF4C242470AA001B6684 /* LaunchScreen.storyboard */,
				CD86AF4F242470AA001B6684 /* Info.plist */,
				CD86AF552424717B001B6684 /* Inceptionv3.mlmodel */,
			);
			path = SeeFood;
			sourceTree = "<group>";
		};
/* End PBXGroup section */

/* Begin PBXNativeTarget section */
		CD86AF3D242470A4001B6684 /* SeeFood */ = {
			isa = PBXNativeTarget;
			buildConfigurationList = CD86AF52242470AA001B6684 /* Build configuration list for PBXNativeTarget "SeeFood" */;
			buildPhases = (
				CD86AF3A242470A4001B6684 /* Sources */,
				CD86AF3B242470A4001B6684 /* Frameworks */,
				CD86AF3C242470A4001B6684 /* Resources */,
			);
			buildRules = (
			);
			dependencies = (
			);
			name = SeeFood;
			productName = SeeFood;
			productReference = CD86AF3E242470A4001B6684 /* SeeFood.app */;
			productType = "com.apple.product-type.application";
		};
/* End PBXNativeTarget section */

/* Begin PBXProject section */
		CD86AF36242470A4001B6684 /* Project object */ = {
			isa = PBXProject;
			attributes = {
				LastSwiftUpdateCheck = 1130;
				LastUpgradeCheck = 1130;
				ORGANIZATIONNAME = "Aaron Yang";
				TargetAttributes = {
					CD86AF3D242470A4001B6684 = {
						CreatedOnToolsVersion = 11.3.1;
					};
				};
			};
			buildConfigurationList = CD86AF39242470A4001B6684 /* Build configuration list for PBXProject "SeeFood" */;
			compatibilityVersion = "Xcode 9.3";
			developmentRegion = en;
			hasScannedForEncodings = 0;
			knownRegions = (
				en,
				Base,
			);
			mainGroup = CD86AF35242470A4001B6684;
			productRefGroup = CD86AF3F242470A4001B6684 /* Products */;
			projectDirPath = "";
			projectRoot = "";
			targets = (
				CD86AF3D242470A4001B6684 /* SeeFood */,
			);
		};
/* End PBXProject section */

/* Begin PBXResourcesBuildPhase section */
		CD86AF3C242470A4001B6684 /* Resources */ = {
			isa = PBXResourcesBuildPhase;
			buildActionMask = 2147483647;
			files = (
				CD86AF4E242470AA001B6684 /* LaunchScreen.storyboard in Resources */,
				CD86AF4B242470AA001B6684 /* Assets.xcassets in Resources */,
				CD86AF49242470A4001B6684 /* Main.storyboard in Resources */,
			);
			runOnlyForDeploymentPostprocessing = 0;
		};
/* End PBXResourcesBuildPhase section */

/* Begin PBXSourcesBuildPhase section */
		CD86AF3A242470A4001B6684 /* Sources */ = {
			isa = PBXSourcesBuildPhase;
			buildActionMask = 2147483647;
			files = (
				CD86AF46242470A4001B6684 /* ViewController.swift in Sources */,
				CD86AF562424717B001B6684 /* Inceptionv3.mlmodel in Sources */,
				CD86AF42242470A4001B6684 /* AppDelegate.swift in Sources */,
				CD86AF44242470A4001B6684 /* SceneDelegate.swift in Sources */,
			);
			runOnlyForDeploymentPostprocessing = 0;
		};
/* End PBXSourcesBuildPhase section */

/* Begin PBXVariantGroup section */
		CD86AF47242470A4001B6684 /* Main.storyboard */ = {
			isa = PBXVariantGroup;
			children = (
				CD86AF48242470A4001B6684 /* Base */,
			);
			name = Main.storyboard;
			sourceTree = "<group>";
		};
		CD86AF4C242470AA001B6684 /* LaunchScreen.storyboard */ = {
			isa = PBXVariantGroup;
			children = (
				CD86AF4D242470AA001B6684 /* Base */,
			);
			name = LaunchScreen.storyboard;
			sourceTree = "<group>";
		};
/* End PBXVariantGroup section */

/* Begin XCBuildConfiguration section */
		CD86AF50242470AA001B6684 /* Debug */ = {
			isa = XCBuildConfiguration;
			buildSettings = {
				ALWAYS_SEARCH_USER_PATHS = NO;
				CLANG_ANALYZER_NONNULL = YES;
				CLANG_ANALYZER_NUMBER_OBJECT_CONVERSION = YES_AGGRESSIVE;
				CLANG_CXX_LANGUAGE_STANDARD = "gnu++14";
				CLANG_CXX_LIBRARY = "libc++";
				CLANG_ENABLE_MODULES = YES;
				CLANG_ENABLE_OBJC_ARC = YES;
				CLANG_ENABLE_OBJC_WEAK = YES;
				CLANG_WARN_BLOCK_CAPTURE_AUTORELEASING = YES;
				CLANG_WARN_BOOL_CONVERSION = YES;
				CLANG_WARN_COMMA = YES;
				CLANG_WARN_CONSTANT_CONVERSION = YES;
				CLANG_WARN_DEPRECATED_OBJC_IMPLEMENTATIONS = YES;
				CLANG_WARN_DIRECT_OBJC_ISA_USAGE = YES_ERROR;
				CLANG_WARN_DOCUMENTATION_COMMENTS = YES;
				CLANG_WARN_EMPTY_BODY = YES;
				CLANG_WARN_ENUM_CONVERSION = YES;
				CLANG_WARN_INFINITE_RECURSION = YES;
				CLANG_WARN_INT_CONVERSION = YES;
				CLANG_WARN_NON_LITERAL_NULL_CONVERSION = YES;
				CLANG_WARN_OBJC_IMPLICIT_RETAIN_SELF = YES;
				CLANG_WARN_OBJC_LITERAL_CONVERSION = YES;
				CLANG_WARN_OBJC_ROOT_CLASS = YES_ERROR;
				CLANG_WARN_RANGE_LOOP_ANALYSIS = YES;
				CLANG_WARN_STRICT_PROTOTYPES = YES;
				CLANG_WARN_SUSPICIOUS_MOVE = YES;
				CLANG_WARN_UNGUARDED_AVAILABILITY = YES_AGGRESSIVE;
				CLANG_WARN_UNREACHABLE_CODE = YES;
				CLANG_WARN__DUPLICATE_METHOD_MATCH = YES;
				COPY_PHASE_STRIP = NO;
				DEBUG_INFORMATION_FORMAT = dwarf;
				ENABLE_STRICT_OBJC_MSGSEND = YES;
				ENABLE_TESTABILITY = YES;
				GCC_C_LANGUAGE_STANDARD = gnu11;
				GCC_DYNAMIC_NO_PIC = NO;
				GCC_NO_COMMON_BLOCKS = YES;
				GCC_OPTIMIZATION_LEVEL = 0;
				GCC_PREPROCESSOR_DEFINITIONS = (
					"DEBUG=1",
					"$(inherited)",
				);
				GCC_WARN_64_TO_32_BIT_CONVERSION = YES;
				GCC_WARN_ABOUT_RETURN_TYPE = YES_ERROR;
				GCC_WARN_UNDECLARED_SELECTOR = YES;
				GCC_WARN_UNINITIALIZED_AUTOS = YES_AGGRESSIVE;
				GCC_WARN_UNUSED_FUNCTION = YES;
				GCC_WARN_UNUSED_VARIABLE = YES;
				IPHONEOS_DEPLOYMENT_TARGET = 13.2;
				MTL_ENABLE_DEBUG_INFO = INCLUDE_SOURCE;
				MTL_FAST_MATH = YES;
				ONLY_ACTIVE_ARCH = YES;
				SDKROOT = iphoneos;
				SWIFT_ACTIVE_COMPILATION_CONDITIONS = DEBUG;
				SWIFT_OPTIMIZATION_LEVEL = "-Onone";
			};
			name = Debug;
		};
		CD86AF51242470AA001B6684 /* Release */ = {
			isa = XCBuildConfiguration;
			buildSettings = {
				ALWAYS_SEARCH_USER_PATHS = NO;
				CLANG_ANALYZER_NONNULL = YES;
				CLANG_ANALYZER_NUMBER_OBJECT_CONVERSION = YES_AGGRESSIVE;
				CLANG_CXX_LANGUAGE_STANDARD = "gnu++14";
				CLANG_CXX_LIBRARY = "libc++";
				CLANG_ENABLE_MODULES = YES;
				CLANG_ENABLE_OBJC_ARC = YES;
				CLANG_ENABLE_OBJC_WEAK = YES;
				CLANG_WARN_BLOCK_CAPTURE_AUTORELEASING = YES;
				CLANG_WARN_BOOL_CONVERSION = YES;
				CLANG_WARN_COMMA = YES;
				CLANG_WARN_CONSTANT_CONVERSION = YES;
				CLANG_WARN_DEPRECATED_OBJC_IMPLEMENTATIONS = YES;
				CLANG_WARN_DIRECT_OBJC_ISA_USAGE = YES_ERROR;
				CLANG_WARN_DOCUMENTATION_COMMENTS = YES;
				CLANG_WARN_EMPTY_BODY = YES;
				CLANG_WARN_ENUM_CONVERSION = YES;
				CLANG_WARN_INFINITE_RECURSION = YES;
				CLANG_WARN_INT_CONVERSION = YES;
				CLANG_WARN_NON_LITERAL_NULL_CONVERSION = YES;
				CLANG_WARN_OBJC_IMPLICIT_RETAIN_SELF = YES;
				CLANG_WARN_OBJC_LITERAL_CONVERSION = YES;
				CLANG_WARN_OBJC_ROOT_CLASS = YES_ERROR;
				CLANG_WARN_RANGE_LOOP_ANALYSIS = YES;
				CLANG_WARN_STRICT_PROTOTYPES = YES;
				CLANG_WARN_SUSPICIOUS_MOVE = YES;
				CLANG_WARN_UNGUARDED_AVAILABILITY = YES_AGGRESSIVE;
				CLANG_WARN_UNREACHABLE_CODE = YES;
				CLANG_WARN__DUPLICATE_METHOD_MATCH = YES;
				COPY_PHASE_STRIP = NO;
				DEBUG_INFORMATION_FORMAT = "dwarf-with-dsym";
				ENABLE_NS_ASSERTIONS = NO;
				ENABLE_STRICT_OBJC_MSGSEND = YES;
				GCC_C_LANGUAGE_STANDARD = gnu11;
				GCC_NO_COMMON_BLOCKS = YES;
				GCC_WARN_64_TO_32_BIT_CONVERSION = YES;
				GCC_WARN_ABOUT_RETURN_TYPE = YES_ERROR;
				GCC_WARN_UNDECLARED_SELECTOR = YES;
				GCC_WARN_UNINITIALIZED_AUTOS = YES_AGGRESSIVE;
				GCC_WARN_UNUSED_FUNCTION = YES;
				GCC_WARN_UNUSED_VARIABLE = YES;
				IPHONEOS_DEPLOYMENT_TARGET = 13.2;
				MTL_ENABLE_DEBUG_INFO = NO;
				MTL_FAST_MATH = YES;
				SDKROOT = iphoneos;
				SWIFT_COMPILATION_MODE = wholemodule;
				SWIFT_OPTIMIZATION_LEVEL = "-O";
				VALIDATE_PRODUCT = YES;
			};
			name = Release;
		};
		CD86AF53242470AA001B6684 /* Debug */ = {
			isa = XCBuildConfiguration;
			buildSettings = {
				ASSETCATALOG_COMPILER_APPICON_NAME = AppIcon;
				CODE_SIGN_STYLE = Automatic;
				DEVELOPMENT_TEAM = 8NGN48JVG5;
				INFOPLIST_FILE = SeeFood/Info.plist;
				LD_RUNPATH_SEARCH_PATHS = (
					"$(inherited)",
					"@executable_path/Frameworks",
				);
				PRODUCT_BUNDLE_IDENTIFIER = com.aaronyang.SeeFood;
				PRODUCT_NAME = "$(TARGET_NAME)";
				SWIFT_VERSION = 5.0;
				TARGETED_DEVICE_FAMILY = "1,2";
			};
			name = Debug;
		};
		CD86AF54242470AA001B6684 /* Release */ = {
			isa = XCBuildConfiguration;
			buildSettings = {
				ASSETCATALOG_COMPILER_APPICON_NAME = AppIcon;
				CODE_SIGN_STYLE = Automatic;
				DEVELOPMENT_TEAM = 8NGN48JVG5;
				INFOPLIST_FILE = SeeFood/Info.plist;
				LD_RUNPATH_SEARCH_PATHS = (
					"$(inherited)",
					"@executable_path/Frameworks",
				);
				PRODUCT_BUNDLE_IDENTIFIER = com.aaronyang.SeeFood;
				PRODUCT_NAME = "$(TARGET_NAME)";
				SWIFT_VERSION = 5.0;
				TARGETED_DEVICE_FAMILY = "1,2";
			};
			name = Release;
		};
/* End XCBuildConfiguration section */

/* Begin XCConfigurationList section */
		CD86AF39242470A4001B6684 /* Build configuration list for PBXProject "SeeFood" */ = {
			isa = XCConfigurationList;
			buildConfigurations = (
				CD86AF50242470AA001B6684 /* Debug */,
				CD86AF51242470AA001B6684 /* Release */,
			);
			defaultConfigurationIsVisible = 0;
			defaultConfigurationName = Release;
		};
		CD86AF52242470AA001B6684 /* Build configuration list for PBXNativeTarget "SeeFood" */ = {
			isa = XCConfigurationList;
			buildConfigurations = (
				CD86AF53242470AA001B6684 /* Debug */,
				CD86AF54242470AA001B6684 /* Release */,
			);
			defaultConfigurationIsVisible = 0;
			defaultConfigurationName = Release;
		};
/* End XCConfigurationList section */
	};
	rootObject = CD86AF36242470A4001B6684 /* Project object */;
}
